
Microsoft Visual Studio Solution File, Format Version 12.00
# Visual Studio 15
VisualStudioVersion = 15.0.28307.136
MinimumVisualStudioVersion = 10.0.40219.1
Project("{FAE04EC0-301F-11D3-BF4B-00C04F79EFBC}") = "Test_Client_1", "Test_Client_1\Test_Client_1.csproj", "{3A1796AA-11C5-46E0-97B1-8010A3C0C798}"
EndProject
Global
	GlobalSection(SolutionConfigurationPlatforms) = preSolution
		Debug|Any CPU = Debug|Any CPU
		Release|Any CPU = Release|Any CPU
	EndGlobalSection
	GlobalSection(ProjectConfigurationPlatforms) = postSolution
		{3A1796AA-11C5-46E0-97B1-8010A3C0C798}.Debug|Any CPU.ActiveCfg = Debug|Any CPU
		{3A1796AA-11C5-46E0-97B1-8010A3C0C798}.Debug|Any CPU.Build.0 = Debug|Any CPU
		{3A1796AA-11C5-46E0-97B1-8010A3C0C798}.Release|Any CPU.ActiveCfg = Release|Any CPU
		{3A1796AA-11C5-46E0-97B1-8010A3C0C798}.Release|Any CPU.Build.0 = Release|Any CPU
	EndGlobalSection
	GlobalSection(SolutionProperties) = preSolution
		HideSolutionNode = FALSE
	EndGlobalSection
	GlobalSection(ExtensibilityGlobals) = postSolution
		SolutionGuid = {A1154BBA-6168-4243-AB77-1328418B9FB2}
	EndGlobalSection
EndGlobal
